// !$*UTF8*$!
{
	archiveVersion = 1;
	classes = {
	};
	objectVersion = 46;
	objects = {

/* Begin PBXBuildFile section */
		450DE7C71AD3829D00036774 /* MovableView.m in Sources */ = {isa = PBXBuildFile; fileRef = 450DE7C61AD3829D00036774 /* MovableView.m */; };
		45915B491ABFD851003B3490 /* Common.m in Sources */ = {isa = PBXBuildFile; fileRef = 45915B481ABFD851003B3490 /* Common.m */; };
		45915B4C1AC06A09003B3490 /* UIView+ScreenShotView.m in Sources */ = {isa = PBXBuildFile; fileRef = 45915B4B1AC06A09003B3490 /* UIView+ScreenShotView.m */; };
		459278A91AC9F75200EFAC70 /* QuartzCore.framework in Frameworks */ = {isa = PBXBuildFile; fileRef = 459278A81AC9F75200EFAC70 /* QuartzCore.framework */; };
		459278AB1AC9F77600EFAC70 /* Foundation.framework in Frameworks */ = {isa = PBXBuildFile; fileRef = 459278AA1AC9F77600EFAC70 /* Foundation.framework */; };
		459278AD1AC9F77C00EFAC70 /* UIKit.framework in Frameworks */ = {isa = PBXBuildFile; fileRef = 459278AC1AC9F77C00EFAC70 /* UIKit.framework */; };
		459278C11AC9FD0B00EFAC70 /* OCActionSheetPickerView.m in Sources */ = {isa = PBXBuildFile; fileRef = 459278BE1AC9FD0B00EFAC70 /* OCActionSheetPickerView.m */; };
		459278C21AC9FD0B00EFAC70 /* OCActionSheetViewController.m in Sources */ = {isa = PBXBuildFile; fileRef = 459278C01AC9FD0B00EFAC70 /* OCActionSheetViewController.m */; };
		45C9CFAA1AE06C4700D78040 /* 3-PinBox.png in Resources */ = {isa = PBXBuildFile; fileRef = 45C9CF9E1AE06C4700D78040 /* 3-PinBox.png */; };
		45C9CFAB1AE06C4700D78040 /* Capacitor.png in Resources */ = {isa = PBXBuildFile; fileRef = 45C9CF9F1AE06C4700D78040 /* Capacitor.png */; };
		45C9CFAC1AE06C4700D78040 /* Generic Component.png in Resources */ = {isa = PBXBuildFile; fileRef = 45C9CFA01AE06C4700D78040 /* Generic Component.png */; };
		45C9CFAD1AE06C4700D78040 /* Ground.png in Resources */ = {isa = PBXBuildFile; fileRef = 45C9CFA11AE06C4700D78040 /* Ground.png */; };
		45C9CFAE1AE06C4700D78040 /* Inductor.png in Resources */ = {isa = PBXBuildFile; fileRef = 45C9CFA21AE06C4700D78040 /* Inductor.png */; };
		45C9CFAF1AE06C4700D78040 /* LED Diode.png in Resources */ = {isa = PBXBuildFile; fileRef = 45C9CFA31AE06C4700D78040 /* LED Diode.png */; };
		45C9CFB01AE06C4700D78040 /* Power.png in Resources */ = {isa = PBXBuildFile; fileRef = 45C9CFA41AE06C4700D78040 /* Power.png */; };
		45C9CFB11AE06C4700D78040 /* Resistor.png in Resources */ = {isa = PBXBuildFile; fileRef = 45C9CFA51AE06C4700D78040 /* Resistor.png */; };
		45C9CFB21AE06C4700D78040 /* RGB LED.png in Resources */ = {isa = PBXBuildFile; fileRef = 45C9CFA61AE06C4700D78040 /* RGB LED.png */; };
		45C9CFB31AE06C4700D78040 /* Switch.png in Resources */ = {isa = PBXBuildFile; fileRef = 45C9CFA71AE06C4700D78040 /* Switch.png */; };
		45C9CFB41AE06C4700D78040 /* Transistor.png in Resources */ = {isa = PBXBuildFile; fileRef = 45C9CFA81AE06C4700D78040 /* Transistor.png */; };
		45C9CFB51AE06C4700D78040 /* Wire.png in Resources */ = {isa = PBXBuildFile; fileRef = 45C9CFA91AE06C4700D78040 /* Wire.png */; };
		97735FAE1ABB88BE0071CAE2 /* main.m in Sources */ = {isa = PBXBuildFile; fileRef = 97735FAD1ABB88BE0071CAE2 /* main.m */; };
		97735FB11ABB88BE0071CAE2 /* AppDelegate.m in Sources */ = {isa = PBXBuildFile; fileRef = 97735FB01ABB88BE0071CAE2 /* AppDelegate.m */; };
		97735FB41ABB88BE0071CAE2 /* ViewController.m in Sources */ = {isa = PBXBuildFile; fileRef = 97735FB31ABB88BE0071CAE2 /* ViewController.m */; };
		97735FB71ABB88BE0071CAE2 /* Main.storyboard in Resources */ = {isa = PBXBuildFile; fileRef = 97735FB51ABB88BE0071CAE2 /* Main.storyboard */; };
		97735FB91ABB88BE0071CAE2 /* Images.xcassets in Resources */ = {isa = PBXBuildFile; fileRef = 97735FB81ABB88BE0071CAE2 /* Images.xcassets */; };
		97735FBC1ABB88BE0071CAE2 /* LaunchScreen.xib in Resources */ = {isa = PBXBuildFile; fileRef = 97735FBA1ABB88BE0071CAE2 /* LaunchScreen.xib */; };
		97735FC81ABB88BE0071CAE2 /* OpenCircuitTests.m in Sources */ = {isa = PBXBuildFile; fileRef = 97735FC71ABB88BE0071CAE2 /* OpenCircuitTests.m */; };
/* End PBXBuildFile section */

/* Begin PBXContainerItemProxy section */
		97735FC21ABB88BE0071CAE2 /* PBXContainerItemProxy */ = {
			isa = PBXContainerItemProxy;
			containerPortal = 97735FA01ABB88BE0071CAE2 /* Project object */;
			proxyType = 1;
			remoteGlobalIDString = 97735FA71ABB88BE0071CAE2;
			remoteInfo = OpenCircuit;
		};
/* End PBXContainerItemProxy section */

/* Begin PBXFileReference section */
		450DE7C51AD3829D00036774 /* MovableView.h */ = {isa = PBXFileReference; fileEncoding = 4; lastKnownFileType = sourcecode.c.h; path = MovableView.h; sourceTree = "<group>"; };
		450DE7C61AD3829D00036774 /* MovableView.m */ = {isa = PBXFileReference; fileEncoding = 4; lastKnownFileType = sourcecode.c.objc; path = MovableView.m; sourceTree = "<group>"; };
		45915B471ABFD851003B3490 /* Common.h */ = {isa = PBXFileReference; fileEncoding = 4; lastKnownFileType = sourcecode.c.h; name = Common.h; path = Common/Common.h; sourceTree = "<group>"; };
		45915B481ABFD851003B3490 /* Common.m */ = {isa = PBXFileReference; fileEncoding = 4; lastKnownFileType = sourcecode.c.objc; name = Common.m; path = Common/Common.m; sourceTree = "<group>"; };
		45915B4A1AC06A09003B3490 /* UIView+ScreenShotView.h */ = {isa = PBXFileReference; fileEncoding = 4; lastKnownFileType = sourcecode.c.h; name = "UIView+ScreenShotView.h"; path = "Common/UIView+ScreenShotView.h"; sourceTree = "<group>"; };
		45915B4B1AC06A09003B3490 /* UIView+ScreenShotView.m */ = {isa = PBXFileReference; fileEncoding = 4; lastKnownFileType = sourcecode.c.objc; name = "UIView+ScreenShotView.m"; path = "Common/UIView+ScreenShotView.m"; sourceTree = "<group>"; };
		459278A81AC9F75200EFAC70 /* QuartzCore.framework */ = {isa = PBXFileReference; lastKnownFileType = wrapper.framework; name = QuartzCore.framework; path = System/Library/Frameworks/QuartzCore.framework; sourceTree = SDKROOT; };
		459278AA1AC9F77600EFAC70 /* Foundation.framework */ = {isa = PBXFileReference; lastKnownFileType = wrapper.framework; name = Foundation.framework; path = System/Library/Frameworks/Foundation.framework; sourceTree = SDKROOT; };
		459278AC1AC9F77C00EFAC70 /* UIKit.framework */ = {isa = PBXFileReference; lastKnownFileType = wrapper.framework; name = UIKit.framework; path = System/Library/Frameworks/UIKit.framework; sourceTree = SDKROOT; };
		459278BD1AC9FD0B00EFAC70 /* OCActionSheetPickerView.h */ = {isa = PBXFileReference; fileEncoding = 4; lastKnownFileType = sourcecode.c.h; path = OCActionSheetPickerView.h; sourceTree = "<group>"; };
		459278BE1AC9FD0B00EFAC70 /* OCActionSheetPickerView.m */ = {isa = PBXFileReference; fileEncoding = 4; lastKnownFileType = sourcecode.c.objc; path = OCActionSheetPickerView.m; sourceTree = "<group>"; };
		459278BF1AC9FD0B00EFAC70 /* OCActionSheetViewController.h */ = {isa = PBXFileReference; fileEncoding = 4; lastKnownFileType = sourcecode.c.h; path = OCActionSheetViewController.h; sourceTree = "<group>"; };
		459278C01AC9FD0B00EFAC70 /* OCActionSheetViewController.m */ = {isa = PBXFileReference; fileEncoding = 4; lastKnownFileType = sourcecode.c.objc; path = OCActionSheetViewController.m; sourceTree = "<group>"; };
		45C9CF9E1AE06C4700D78040 /* 3-PinBox.png */ = {isa = PBXFileReference; lastKnownFileType = image.png; path = "3-PinBox.png"; sourceTree = "<group>"; };
		45C9CF9F1AE06C4700D78040 /* Capacitor.png */ = {isa = PBXFileReference; lastKnownFileType = image.png; path = Capacitor.png; sourceTree = "<group>"; };
		45C9CFA01AE06C4700D78040 /* Generic Component.png */ = {isa = PBXFileReference; lastKnownFileType = image.png; path = "Generic Component.png"; sourceTree = "<group>"; };
		45C9CFA11AE06C4700D78040 /* Ground.png */ = {isa = PBXFileReference; lastKnownFileType = image.png; path = Ground.png; sourceTree = "<group>"; };
		45C9CFA21AE06C4700D78040 /* Inductor.png */ = {isa = PBXFileReference; lastKnownFileType = image.png; path = Inductor.png; sourceTree = "<group>"; };
		45C9CFA31AE06C4700D78040 /* LED Diode.png */ = {isa = PBXFileReference; lastKnownFileType = image.png; path = "LED Diode.png"; sourceTree = "<group>"; };
		45C9CFA41AE06C4700D78040 /* Power.png */ = {isa = PBXFileReference; lastKnownFileType = image.png; path = Power.png; sourceTree = "<group>"; };
		45C9CFA51AE06C4700D78040 /* Resistor.png */ = {isa = PBXFileReference; lastKnownFileType = image.png; path = Resistor.png; sourceTree = "<group>"; };
		45C9CFA61AE06C4700D78040 /* RGB LED.png */ = {isa = PBXFileReference; lastKnownFileType = image.png; path = "RGB LED.png"; sourceTree = "<group>"; };
		45C9CFA71AE06C4700D78040 /* Switch.png */ = {isa = PBXFileReference; lastKnownFileType = image.png; path = Switch.png; sourceTree = "<group>"; };
		45C9CFA81AE06C4700D78040 /* Transistor.png */ = {isa = PBXFileReference; lastKnownFileType = image.png; path = Transistor.png; sourceTree = "<group>"; };
		45C9CFA91AE06C4700D78040 /* Wire.png */ = {isa = PBXFileReference; lastKnownFileType = image.png; path = Wire.png; sourceTree = "<group>"; };
		97735FA81ABB88BE0071CAE2 /* OpenCircuit.app */ = {isa = PBXFileReference; explicitFileType = wrapper.application; includeInIndex = 0; path = OpenCircuit.app; sourceTree = BUILT_PRODUCTS_DIR; };
		97735FAC1ABB88BE0071CAE2 /* Info.plist */ = {isa = PBXFileReference; lastKnownFileType = text.plist.xml; path = Info.plist; sourceTree = "<group>"; };
		97735FAD1ABB88BE0071CAE2 /* main.m */ = {isa = PBXFileReference; lastKnownFileType = sourcecode.c.objc; path = main.m; sourceTree = "<group>"; };
		97735FAF1ABB88BE0071CAE2 /* AppDelegate.h */ = {isa = PBXFileReference; lastKnownFileType = sourcecode.c.h; path = AppDelegate.h; sourceTree = "<group>"; };
		97735FB01ABB88BE0071CAE2 /* AppDelegate.m */ = {isa = PBXFileReference; lastKnownFileType = sourcecode.c.objc; path = AppDelegate.m; sourceTree = "<group>"; };
		97735FB21ABB88BE0071CAE2 /* ViewController.h */ = {isa = PBXFileReference; lastKnownFileType = sourcecode.c.h; path = ViewController.h; sourceTree = "<group>"; };
		97735FB31ABB88BE0071CAE2 /* ViewController.m */ = {isa = PBXFileReference; lastKnownFileType = sourcecode.c.objc; path = ViewController.m; sourceTree = "<group>"; };
		97735FB61ABB88BE0071CAE2 /* Base */ = {isa = PBXFileReference; lastKnownFileType = file.storyboard; name = Base; path = Base.lproj/Main.storyboard; sourceTree = "<group>"; };
		97735FB81ABB88BE0071CAE2 /* Images.xcassets */ = {isa = PBXFileReference; lastKnownFileType = folder.assetcatalog; path = Images.xcassets; sourceTree = "<group>"; };
		97735FBB1ABB88BE0071CAE2 /* Base */ = {isa = PBXFileReference; lastKnownFileType = file.xib; name = Base; path = Base.lproj/LaunchScreen.xib; sourceTree = "<group>"; };
		97735FC11ABB88BE0071CAE2 /* OpenCircuitTests.xctest */ = {isa = PBXFileReference; explicitFileType = wrapper.cfbundle; includeInIndex = 0; path = OpenCircuitTests.xctest; sourceTree = BUILT_PRODUCTS_DIR; };
		97735FC61ABB88BE0071CAE2 /* Info.plist */ = {isa = PBXFileReference; lastKnownFileType = text.plist.xml; path = Info.plist; sourceTree = "<group>"; };
		97735FC71ABB88BE0071CAE2 /* OpenCircuitTests.m */ = {isa = PBXFileReference; lastKnownFileType = sourcecode.c.objc; path = OpenCircuitTests.m; sourceTree = "<group>"; };
/* End PBXFileReference section */

/* Begin PBXFrameworksBuildPhase section */
		97735FA51ABB88BE0071CAE2 /* Frameworks */ = {
			isa = PBXFrameworksBuildPhase;
			buildActionMask = 2147483647;
			files = (
				459278AD1AC9F77C00EFAC70 /* UIKit.framework in Frameworks */,
				459278AB1AC9F77600EFAC70 /* Foundation.framework in Frameworks */,
				459278A91AC9F75200EFAC70 /* QuartzCore.framework in Frameworks */,
			);
			runOnlyForDeploymentPostprocessing = 0;
		};
		97735FBE1ABB88BE0071CAE2 /* Frameworks */ = {
			isa = PBXFrameworksBuildPhase;
			buildActionMask = 2147483647;
			files = (
			);
			runOnlyForDeploymentPostprocessing = 0;
		};
/* End PBXFrameworksBuildPhase section */

/* Begin PBXGroup section */
		45915B451ABFD34D003B3490 /* Common */ = {
			isa = PBXGroup;
			children = (
				459278BD1AC9FD0B00EFAC70 /* OCActionSheetPickerView.h */,
				459278BE1AC9FD0B00EFAC70 /* OCActionSheetPickerView.m */,
				459278BF1AC9FD0B00EFAC70 /* OCActionSheetViewController.h */,
				459278C01AC9FD0B00EFAC70 /* OCActionSheetViewController.m */,
				45915B471ABFD851003B3490 /* Common.h */,
				45915B481ABFD851003B3490 /* Common.m */,
				45915B4A1AC06A09003B3490 /* UIView+ScreenShotView.h */,
				45915B4B1AC06A09003B3490 /* UIView+ScreenShotView.m */,
				450DE7C51AD3829D00036774 /* MovableView.h */,
				450DE7C61AD3829D00036774 /* MovableView.m */,
			);
			name = Common;
			sourceTree = "<group>";
		};
		45C9CF9D1AE06C3B00D78040 /* Images */ = {
			isa = PBXGroup;
			children = (
				45C9CF9E1AE06C4700D78040 /* 3-PinBox.png */,
				45C9CF9F1AE06C4700D78040 /* Capacitor.png */,
				45C9CFA01AE06C4700D78040 /* Generic Component.png */,
				45C9CFA11AE06C4700D78040 /* Ground.png */,
				45C9CFA21AE06C4700D78040 /* Inductor.png */,
				45C9CFA31AE06C4700D78040 /* LED Diode.png */,
				45C9CFA41AE06C4700D78040 /* Power.png */,
				45C9CFA51AE06C4700D78040 /* Resistor.png */,
				45C9CFA61AE06C4700D78040 /* RGB LED.png */,
				45C9CFA71AE06C4700D78040 /* Switch.png */,
				45C9CFA81AE06C4700D78040 /* Transistor.png */,
				45C9CFA91AE06C4700D78040 /* Wire.png */,
			);
			name = Images;
			sourceTree = "<group>";
		};
		97735F9F1ABB88BE0071CAE2 = {
			isa = PBXGroup;
			children = (
				459278AC1AC9F77C00EFAC70 /* UIKit.framework */,
				459278AA1AC9F77600EFAC70 /* Foundation.framework */,
				459278A81AC9F75200EFAC70 /* QuartzCore.framework */,
				97735FAA1ABB88BE0071CAE2 /* OpenCircuit */,
				97735FC41ABB88BE0071CAE2 /* OpenCircuitTests */,
				97735FA91ABB88BE0071CAE2 /* Products */,
			);
			sourceTree = "<group>";
		};
		97735FA91ABB88BE0071CAE2 /* Products */ = {
			isa = PBXGroup;
			children = (
				97735FA81ABB88BE0071CAE2 /* OpenCircuit.app */,
				97735FC11ABB88BE0071CAE2 /* OpenCircuitTests.xctest */,
			);
			name = Products;
			sourceTree = "<group>";
		};
		97735FAA1ABB88BE0071CAE2 /* OpenCircuit */ = {
			isa = PBXGroup;
			children = (
				45C9CF9D1AE06C3B00D78040 /* Images */,
				45915B451ABFD34D003B3490 /* Common */,
				97735FAF1ABB88BE0071CAE2 /* AppDelegate.h */,
				97735FB01ABB88BE0071CAE2 /* AppDelegate.m */,
				97735FB21ABB88BE0071CAE2 /* ViewController.h */,
				97735FB31ABB88BE0071CAE2 /* ViewController.m */,
				97735FB51ABB88BE0071CAE2 /* Main.storyboard */,
				97735FB81ABB88BE0071CAE2 /* Images.xcassets */,
				97735FBA1ABB88BE0071CAE2 /* LaunchScreen.xib */,
				97735FAB1ABB88BE0071CAE2 /* Supporting Files */,
			);
			path = OpenCircuit;
			sourceTree = "<group>";
		};
		97735FAB1ABB88BE0071CAE2 /* Supporting Files */ = {
			isa = PBXGroup;
			children = (
				97735FAC1ABB88BE0071CAE2 /* Info.plist */,
				97735FAD1ABB88BE0071CAE2 /* main.m */,
			);
			name = "Supporting Files";
			sourceTree = "<group>";
		};
		97735FC41ABB88BE0071CAE2 /* OpenCircuitTests */ = {
			isa = PBXGroup;
			children = (
				97735FC71ABB88BE0071CAE2 /* OpenCircuitTests.m */,
				97735FC51ABB88BE0071CAE2 /* Supporting Files */,
			);
			path = OpenCircuitTests;
			sourceTree = "<group>";
		};
		97735FC51ABB88BE0071CAE2 /* Supporting Files */ = {
			isa = PBXGroup;
			children = (
				97735FC61ABB88BE0071CAE2 /* Info.plist */,
			);
			name = "Supporting Files";
			sourceTree = "<group>";
		};
/* End PBXGroup section */

/* Begin PBXNativeTarget section */
		97735FA71ABB88BE0071CAE2 /* OpenCircuit */ = {
			isa = PBXNativeTarget;
			buildConfigurationList = 97735FCB1ABB88BE0071CAE2 /* Build configuration list for PBXNativeTarget "OpenCircuit" */;
			buildPhases = (
				97735FA41ABB88BE0071CAE2 /* Sources */,
				97735FA51ABB88BE0071CAE2 /* Frameworks */,
				97735FA61ABB88BE0071CAE2 /* Resources */,
			);
			buildRules = (
			);
			dependencies = (
			);
			name = OpenCircuit;
			productName = OpenCircuit;
			productReference = 97735FA81ABB88BE0071CAE2 /* OpenCircuit.app */;
			productType = "com.apple.product-type.application";
		};
		97735FC01ABB88BE0071CAE2 /* OpenCircuitTests */ = {
			isa = PBXNativeTarget;
			buildConfigurationList = 97735FCE1ABB88BE0071CAE2 /* Build configuration list for PBXNativeTarget "OpenCircuitTests" */;
			buildPhases = (
				97735FBD1ABB88BE0071CAE2 /* Sources */,
				97735FBE1ABB88BE0071CAE2 /* Frameworks */,
				97735FBF1ABB88BE0071CAE2 /* Resources */,
			);
			buildRules = (
			);
			dependencies = (
				97735FC31ABB88BE0071CAE2 /* PBXTargetDependency */,
			);
			name = OpenCircuitTests;
			productName = OpenCircuitTests;
			productReference = 97735FC11ABB88BE0071CAE2 /* OpenCircuitTests.xctest */;
			productType = "com.apple.product-type.bundle.unit-test";
		};
/* End PBXNativeTarget section */

/* Begin PBXProject section */
		97735FA01ABB88BE0071CAE2 /* Project object */ = {
			isa = PBXProject;
			attributes = {
				LastUpgradeCheck = 0610;
				ORGANIZATIONNAME = LuTec;
				TargetAttributes = {
					97735FA71ABB88BE0071CAE2 = {
						CreatedOnToolsVersion = 6.1.1;
					};
					97735FC01ABB88BE0071CAE2 = {
						CreatedOnToolsVersion = 6.1.1;
						TestTargetID = 97735FA71ABB88BE0071CAE2;
					};
				};
			};
			buildConfigurationList = 97735FA31ABB88BE0071CAE2 /* Build configuration list for PBXProject "OpenCircuit" */;
			compatibilityVersion = "Xcode 3.2";
			developmentRegion = English;
			hasScannedForEncodings = 0;
			knownRegions = (
				en,
				Base,
			);
			mainGroup = 97735F9F1ABB88BE0071CAE2;
			productRefGroup = 97735FA91ABB88BE0071CAE2 /* Products */;
			projectDirPath = "";
			projectRoot = "";
			targets = (
				97735FA71ABB88BE0071CAE2 /* OpenCircuit */,
				97735FC01ABB88BE0071CAE2 /* OpenCircuitTests */,
			);
		};
/* End PBXProject section */

/* Begin PBXResourcesBuildPhase section */
		97735FA61ABB88BE0071CAE2 /* Resources */ = {
			isa = PBXResourcesBuildPhase;
			buildActionMask = 2147483647;
			files = (
				97735FB71ABB88BE0071CAE2 /* Main.storyboard in Resources */,
				97735FBC1ABB88BE0071CAE2 /* LaunchScreen.xib in Resources */,
				45C9CFB21AE06C4700D78040 /* RGB LED.png in Resources */,
				45C9CFAB1AE06C4700D78040 /* Capacitor.png in Resources */,
				45C9CFB01AE06C4700D78040 /* Power.png in Resources */,
				97735FB91ABB88BE0071CAE2 /* Images.xcassets in Resources */,
				45C9CFAC1AE06C4700D78040 /* Generic Component.png in Resources */,
				45C9CFB11AE06C4700D78040 /* Resistor.png in Resources */,
				45C9CFB41AE06C4700D78040 /* Transistor.png in Resources */,
				45C9CFB31AE06C4700D78040 /* Switch.png in Resources */,
				45C9CFAA1AE06C4700D78040 /* 3-PinBox.png in Resources */,
				45C9CFAD1AE06C4700D78040 /* Ground.png in Resources */,
				45C9CFB51AE06C4700D78040 /* Wire.png in Resources */,
				45C9CFAF1AE06C4700D78040 /* LED Diode.png in Resources */,
				45C9CFAE1AE06C4700D78040 /* Inductor.png in Resources */,
			);
			runOnlyForDeploymentPostprocessing = 0;
		};
		97735FBF1ABB88BE0071CAE2 /* Resources */ = {
			isa = PBXResourcesBuildPhase;
			buildActionMask = 2147483647;
			files = (
			);
			runOnlyForDeploymentPostprocessing = 0;
		};
/* End PBXResourcesBuildPhase section */

/* Begin PBXSourcesBuildPhase section */
		97735FA41ABB88BE0071CAE2 /* Sources */ = {
			isa = PBXSourcesBuildPhase;
			buildActionMask = 2147483647;
			files = (
				45915B491ABFD851003B3490 /* Common.m in Sources */,
				450DE7C71AD3829D00036774 /* MovableView.m in Sources */,
				97735FB41ABB88BE0071CAE2 /* ViewController.m in Sources */,
				459278C11AC9FD0B00EFAC70 /* OCActionSheetPickerView.m in Sources */,
				45915B4C1AC06A09003B3490 /* UIView+ScreenShotView.m in Sources */,
				97735FB11ABB88BE0071CAE2 /* AppDelegate.m in Sources */,
				97735FAE1ABB88BE0071CAE2 /* main.m in Sources */,
				459278C21AC9FD0B00EFAC70 /* OCActionSheetViewController.m in Sources */,
			);
			runOnlyForDeploymentPostprocessing = 0;
		};
		97735FBD1ABB88BE0071CAE2 /* Sources */ = {
			isa = PBXSourcesBuildPhase;
			buildActionMask = 2147483647;
			files = (
				97735FC81ABB88BE0071CAE2 /* OpenCircuitTests.m in Sources */,
			);
			runOnlyForDeploymentPostprocessing = 0;
		};
/* End PBXSourcesBuildPhase section */

/* Begin PBXTargetDependency section */
		97735FC31ABB88BE0071CAE2 /* PBXTargetDependency */ = {
			isa = PBXTargetDependency;
			target = 97735FA71ABB88BE0071CAE2 /* OpenCircuit */;
			targetProxy = 97735FC21ABB88BE0071CAE2 /* PBXContainerItemProxy */;
		};
/* End PBXTargetDependency section */

/* Begin PBXVariantGroup section */
		97735FB51ABB88BE0071CAE2 /* Main.storyboard */ = {
			isa = PBXVariantGroup;
			children = (
				97735FB61ABB88BE0071CAE2 /* Base */,
			);
			name = Main.storyboard;
			sourceTree = "<group>";
		};
		97735FBA1ABB88BE0071CAE2 /* LaunchScreen.xib */ = {
			isa = PBXVariantGroup;
			children = (
				97735FBB1ABB88BE0071CAE2 /* Base */,
			);
			name = LaunchScreen.xib;
			sourceTree = "<group>";
		};
/* End PBXVariantGroup section */

/* Begin XCBuildConfiguration section */
		97735FC91ABB88BE0071CAE2 /* Debug */ = {
			isa = XCBuildConfiguration;
			buildSettings = {
				ALWAYS_SEARCH_USER_PATHS = NO;
				CLANG_CXX_LANGUAGE_STANDARD = "gnu++0x";
				CLANG_CXX_LIBRARY = "libc++";
				CLANG_ENABLE_MODULES = YES;
				CLANG_ENABLE_OBJC_ARC = YES;
				CLANG_WARN_BOOL_CONVERSION = YES;
				CLANG_WARN_CONSTANT_CONVERSION = YES;
				CLANG_WARN_DIRECT_OBJC_ISA_USAGE = YES_ERROR;
				CLANG_WARN_EMPTY_BODY = YES;
				CLANG_WARN_ENUM_CONVERSION = YES;
				CLANG_WARN_INT_CONVERSION = YES;
				CLANG_WARN_OBJC_ROOT_CLASS = YES_ERROR;
				CLANG_WARN_UNREACHABLE_CODE = YES;
				CLANG_WARN__DUPLICATE_METHOD_MATCH = YES;
				"CODE_SIGN_IDENTITY[sdk=iphoneos*]" = "iPhone Developer";
				COPY_PHASE_STRIP = NO;
				ENABLE_STRICT_OBJC_MSGSEND = YES;
				GCC_C_LANGUAGE_STANDARD = gnu99;
				GCC_DYNAMIC_NO_PIC = NO;
				GCC_OPTIMIZATION_LEVEL = 0;
				GCC_PREPROCESSOR_DEFINITIONS = (
					"DEBUG=1",
					"$(inherited)",
				);
				GCC_SYMBOLS_PRIVATE_EXTERN = NO;
				GCC_WARN_64_TO_32_BIT_CONVERSION = YES;
				GCC_WARN_ABOUT_RETURN_TYPE = YES_ERROR;
				GCC_WARN_UNDECLARED_SELECTOR = YES;
				GCC_WARN_UNINITIALIZED_AUTOS = YES_AGGRESSIVE;
				GCC_WARN_UNUSED_FUNCTION = YES;
				GCC_WARN_UNUSED_VARIABLE = YES;
				IPHONEOS_DEPLOYMENT_TARGET = 8.1;
				MTL_ENABLE_DEBUG_INFO = YES;
				ONLY_ACTIVE_ARCH = YES;
				SDKROOT = iphoneos;
				TARGETED_DEVICE_FAMILY = "1,2";
			};
			name = Debug;
		};
		97735FCA1ABB88BE0071CAE2 /* Release */ = {
			isa = XCBuildConfiguration;
			buildSettings = {
				ALWAYS_SEARCH_USER_PATHS = NO;
				CLANG_CXX_LANGUAGE_STANDARD = "gnu++0x";
				CLANG_CXX_LIBRARY = "libc++";
				CLANG_ENABLE_MODULES = YES;
				CLANG_ENABLE_OBJC_ARC = YES;
				CLANG_WARN_BOOL_CONVERSION = YES;
				CLANG_WARN_CONSTANT_CONVERSION = YES;
				CLANG_WARN_DIRECT_OBJC_ISA_USAGE = YES_ERROR;
				CLANG_WARN_EMPTY_BODY = YES;
				CLANG_WARN_ENUM_CONVERSION = YES;
				CLANG_WARN_INT_CONVERSION = YES;
				CLANG_WARN_OBJC_ROOT_CLASS = YES_ERROR;
				CLANG_WARN_UNREACHABLE_CODE = YES;
				CLANG_WARN__DUPLICATE_METHOD_MATCH = YES;
				"CODE_SIGN_IDENTITY[sdk=iphoneos*]" = "iPhone Developer";
				COPY_PHASE_STRIP = YES;
				ENABLE_NS_ASSERTIONS = NO;
				ENABLE_STRICT_OBJC_MSGSEND = YES;
				GCC_C_LANGUAGE_STANDARD = gnu99;
				GCC_WARN_64_TO_32_BIT_CONVERSION = YES;
				GCC_WARN_ABOUT_RETURN_TYPE = YES_ERROR;
				GCC_WARN_UNDECLARED_SELECTOR = YES;
				GCC_WARN_UNINITIALIZED_AUTOS = YES_AGGRESSIVE;
				GCC_WARN_UNUSED_FUNCTION = YES;
				GCC_WARN_UNUSED_VARIABLE = YES;
				IPHONEOS_DEPLOYMENT_TARGET = 8.1;
				MTL_ENABLE_DEBUG_INFO = NO;
				SDKROOT = iphoneos;
				TARGETED_DEVICE_FAMILY = "1,2";
				VALIDATE_PRODUCT = YES;
			};
			name = Release;
		};
		97735FCC1ABB88BE0071CAE2 /* Debug */ = {
			isa = XCBuildConfiguration;
			buildSettings = {
				ASSETCATALOG_COMPILER_APPICON_NAME = AppIcon;
				INFOPLIST_FILE = OpenCircuit/Info.plist;
				LD_RUNPATH_SEARCH_PATHS = "$(inherited) @executable_path/Frameworks";
				PRODUCT_NAME = "$(TARGET_NAME)";
			};
			name = Debug;
		};
		97735FCD1ABB88BE0071CAE2 /* Release */ = {
			isa = XCBuildConfiguration;
			buildSettings = {
				ASSETCATALOG_COMPILER_APPICON_NAME = AppIcon;
				INFOPLIST_FILE = OpenCircuit/Info.plist;
				LD_RUNPATH_SEARCH_PATHS = "$(inherited) @executable_path/Frameworks";
				PRODUCT_NAME = "$(TARGET_NAME)";
			};
			name = Release;
		};
		97735FCF1ABB88BE0071CAE2 /* Debug */ = {
			isa = XCBuildConfiguration;
			buildSettings = {
				BUNDLE_LOADER = "$(TEST_HOST)";
				FRAMEWORK_SEARCH_PATHS = (
					"$(SDKROOT)/Developer/Library/Frameworks",
					"$(inherited)",
				);
				GCC_PREPROCESSOR_DEFINITIONS = (
					"DEBUG=1",
					"$(inherited)",
				);
				INFOPLIST_FILE = OpenCircuitTests/Info.plist;
				LD_RUNPATH_SEARCH_PATHS = "$(inherited) @executable_path/Frameworks @loader_path/Frameworks";
				PRODUCT_NAME = "$(TARGET_NAME)";
				TEST_HOST = "$(BUILT_PRODUCTS_DIR)/OpenCircuit.app/OpenCircuit";
			};
			name = Debug;
		};
		97735FD01ABB88BE0071CAE2 /* Release */ = {
			isa = XCBuildConfiguration;
			buildSettings = {
				BUNDLE_LOADER = "$(TEST_HOST)";
				FRAMEWORK_SEARCH_PATHS = (
					"$(SDKROOT)/Developer/Library/Frameworks",
					"$(inherited)",
				);
				INFOPLIST_FILE = OpenCircuitTests/Info.plist;
				LD_RUNPATH_SEARCH_PATHS = "$(inherited) @executable_path/Frameworks @loader_path/Frameworks";
				PRODUCT_NAME = "$(TARGET_NAME)";
				TEST_HOST = "$(BUILT_PRODUCTS_DIR)/OpenCircuit.app/OpenCircuit";
			};
			name = Release;
		};
/* End XCBuildConfiguration section */

/* Begin XCConfigurationList section */
		97735FA31ABB88BE0071CAE2 /* Build configuration list for PBXProject "OpenCircuit" */ = {
			isa = XCConfigurationList;
			buildConfigurations = (
				97735FC91ABB88BE0071CAE2 /* Debug */,
				97735FCA1ABB88BE0071CAE2 /* Release */,
			);
			defaultConfigurationIsVisible = 0;
			defaultConfigurationName = Release;
		};
		97735FCB1ABB88BE0071CAE2 /* Build configuration list for PBXNativeTarget "OpenCircuit" */ = {
			isa = XCConfigurationList;
			buildConfigurations = (
				97735FCC1ABB88BE0071CAE2 /* Debug */,
				97735FCD1ABB88BE0071CAE2 /* Release */,
			);
			defaultConfigurationIsVisible = 0;
			defaultConfigurationName = Release;
		};
		97735FCE1ABB88BE0071CAE2 /* Build configuration list for PBXNativeTarget "OpenCircuitTests" */ = {
			isa = XCConfigurationList;
			buildConfigurations = (
				97735FCF1ABB88BE0071CAE2 /* Debug */,
				97735FD01ABB88BE0071CAE2 /* Release */,
			);
			defaultConfigurationIsVisible = 0;
			defaultConfigurationName = Release;
		};
/* End XCConfigurationList section */
	};
	rootObject = 97735FA01ABB88BE0071CAE2 /* Project object */;
}
